// !$*UTF8*$!
{
	archiveVersion = 1;
	classes = {
	};
	objectVersion = 48;
	objects = {

/* Begin PBXBuildFile section */
		07E45F011F747252005DC733 /* main.cpp in Sources */ = {isa = PBXBuildFile; fileRef = 07E45F001F747252005DC733 /* main.cpp */; };
		07E45F091F747270005DC733 /* ComplexNumber.cpp in Sources */ = {isa = PBXBuildFile; fileRef = 07E45F071F747270005DC733 /* ComplexNumber.cpp */; };
		07E45F0C1F7472C8005DC733 /* ComplexNumber_C.cpp in Sources */ = {isa = PBXBuildFile; fileRef = 07E45F0B1F7472C8005DC733 /* ComplexNumber_C.cpp */; };
/* End PBXBuildFile section */

/* Begin PBXCopyFilesBuildPhase section */
		07E45EFB1F747252005DC733 /* CopyFiles */ = {
			isa = PBXCopyFilesBuildPhase;
			buildActionMask = 2147483647;
			dstPath = /usr/share/man/man1/;
			dstSubfolderSpec = 0;
			files = (
			);
			runOnlyForDeploymentPostprocessing = 1;
		};
/* End PBXCopyFilesBuildPhase section */

/* Begin PBXFileReference section */
		07E45EFD1F747252005DC733 /* Complex */ = {isa = PBXFileReference; explicitFileType = "compiled.mach-o.executable"; includeInIndex = 0; path = Complex; sourceTree = BUILT_PRODUCTS_DIR; };
		07E45F001F747252005DC733 /* main.cpp */ = {isa = PBXFileReference; lastKnownFileType = sourcecode.cpp.cpp; path = main.cpp; sourceTree = "<group>"; };
		07E45F071F747270005DC733 /* ComplexNumber.cpp */ = {isa = PBXFileReference; lastKnownFileType = sourcecode.cpp.cpp; path = ComplexNumber.cpp; sourceTree = "<group>"; };
		07E45F081F747270005DC733 /* ComplexNumber.hpp */ = {isa = PBXFileReference; lastKnownFileType = sourcecode.cpp.h; path = ComplexNumber.hpp; sourceTree = "<group>"; };
		07E45F0A1F7472C8005DC733 /* ComplexNumber_C.hpp */ = {isa = PBXFileReference; lastKnownFileType = sourcecode.cpp.h; path = ComplexNumber_C.hpp; sourceTree = "<group>"; };
		07E45F0B1F7472C8005DC733 /* ComplexNumber_C.cpp */ = {isa = PBXFileReference; lastKnownFileType = sourcecode.cpp.cpp; path = ComplexNumber_C.cpp; sourceTree = "<group>"; };
		07E45F111F74F1CF005DC733 /* Imag.hpp */ = {isa = PBXFileReference; lastKnownFileType = sourcecode.cpp.h; path = Imag.hpp; sourceTree = "<group>"; };
/* End PBXFileReference section */

/* Begin PBXFrameworksBuildPhase section */
		07E45EFA1F747252005DC733 /* Frameworks */ = {
			isa = PBXFrameworksBuildPhase;
			buildActionMask = 2147483647;
			files = (
			);
			runOnlyForDeploymentPostprocessing = 0;
		};
/* End PBXFrameworksBuildPhase section */

/* Begin PBXGroup section */
		07E45EF41F747252005DC733 = {
			isa = PBXGroup;
			children = (
				07E45EFF1F747252005DC733 /* Complex */,
				07E45EFE1F747252005DC733 /* Products */,
			);
			sourceTree = "<group>";
		};
		07E45EFE1F747252005DC733 /* Products */ = {
			isa = PBXGroup;
			children = (
				07E45EFD1F747252005DC733 /* Complex */,
			);
			name = Products;
			sourceTree = "<group>";
		};
		07E45EFF1F747252005DC733 /* Complex */ = {
			isa = PBXGroup;
			children = (
				07E45F001F747252005DC733 /* main.cpp */,
				07E45F0A1F7472C8005DC733 /* ComplexNumber_C.hpp */,
				07E45F0B1F7472C8005DC733 /* ComplexNumber_C.cpp */,
				07E45F071F747270005DC733 /* ComplexNumber.cpp */,
				07E45F081F747270005DC733 /* ComplexNumber.hpp */,
				07E45F111F74F1CF005DC733 /* Imag.hpp */,
			);
			path = Complex;
			sourceTree = "<group>";
		};
/* End PBXGroup section */

/* Begin PBXNativeTarget section */
		07E45EFC1F747252005DC733 /* Complex */ = {
			isa = PBXNativeTarget;
			buildConfigurationList = 07E45F041F747252005DC733 /* Build configuration list for PBXNativeTarget "Complex" */;
			buildPhases = (
				07E45EF91F747252005DC733 /* Sources */,
				07E45EFA1F747252005DC733 /* Frameworks */,
				07E45EFB1F747252005DC733 /* CopyFiles */,
			);
			buildRules = (
			);
			dependencies = (
			);
			name = Complex;
			productName = Complex;
			productReference = 07E45EFD1F747252005DC733 /* Complex */;
			productType = "com.apple.product-type.tool";
		};
/* End PBXNativeTarget section */

/* Begin PBXProject section */
		07E45EF51F747252005DC733 /* Project object */ = {
			isa = PBXProject;
			attributes = {
				LastUpgradeCheck = 0900;
				ORGANIZATIONNAME = "Nicholas Outram";
				TargetAttributes = {
					07E45EFC1F747252005DC733 = {
						CreatedOnToolsVersion = 9.0;
						ProvisioningStyle = Automatic;
					};
				};
			};
			buildConfigurationList = 07E45EF81F747252005DC733 /* Build configuration list for PBXProject "Complex" */;
			compatibilityVersion = "Xcode 8.0";
			developmentRegion = en;
			hasScannedForEncodings = 0;
			knownRegions = (
				en,
			);
			mainGroup = 07E45EF41F747252005DC733;
			productRefGroup = 07E45EFE1F747252005DC733 /* Products */;
			projectDirPath = "";
			projectRoot = "";
			targets = (
				07E45EFC1F747252005DC733 /* Complex */,
			);
		};
/* End PBXProject section */

/* Begin PBXSourcesBuildPhase section */
		07E45EF91F747252005DC733 /* Sources */ = {
			isa = PBXSourcesBuildPhase;
			buildActionMask = 2147483647;
			files = (
				07E45F011F747252005DC733 /* main.cpp in Sources */,
				07E45F0C1F7472C8005DC733 /* ComplexNumber_C.cpp in Sources */,
				07E45F091F747270005DC733 /* ComplexNumber.cpp in Sources */,
			);
			runOnlyForDeploymentPostprocessing = 0;
		};
/* End PBXSourcesBuildPhase section */

/* Begin XCBuildConfiguration section */
		07E45F021F747252005DC733 /* Debug */ = {
			isa = XCBuildConfiguration;
			buildSettings = {
				ALWAYS_SEARCH_USER_PATHS = NO;
				CLANG_ANALYZER_NONNULL = YES;
				CLANG_ANALYZER_NUMBER_OBJECT_CONVERSION = YES_AGGRESSIVE;
				CLANG_CXX_LANGUAGE_STANDARD = "gnu++14";
				CLANG_CXX_LIBRARY = "libc++";
				CLANG_ENABLE_MODULES = YES;
				CLANG_ENABLE_OBJC_ARC = YES;
				CLANG_WARN_BLOCK_CAPTURE_AUTORELEASING = YES;
				CLANG_WARN_BOOL_CONVERSION = YES;
				CLANG_WARN_COMMA = YES;
				CLANG_WARN_CONSTANT_CONVERSION = YES;
				CLANG_WARN_DIRECT_OBJC_ISA_USAGE = YES_ERROR;
				CLANG_WARN_DOCUMENTATION_COMMENTS = YES;
				CLANG_WARN_EMPTY_BODY = YES;
				CLANG_WARN_ENUM_CONVERSION = YES;
				CLANG_WARN_INFINITE_RECURSION = YES;
				CLANG_WARN_INT_CONVERSION = YES;
				CLANG_WARN_NON_LITERAL_NULL_CONVERSION = YES;
				CLANG_WARN_OBJC_LITERAL_CONVERSION = YES;
				CLANG_WARN_OBJC_ROOT_CLASS = YES_ERROR;
				CLANG_WARN_RANGE_LOOP_ANALYSIS = YES;
				CLANG_WARN_STRICT_PROTOTYPES = YES;
				CLANG_WARN_SUSPICIOUS_MOVE = YES;
				CLANG_WARN_UNGUARDED_AVAILABILITY = YES_AGGRESSIVE;
				CLANG_WARN_UNREACHABLE_CODE = YES;
				CLANG_WARN__DUPLICATE_METHOD_MATCH = YES;
				CODE_SIGN_IDENTITY = "-";
				COPY_PHASE_STRIP = NO;
				DEBUG_INFORMATION_FORMAT = dwarf;
				ENABLE_STRICT_OBJC_MSGSEND = YES;
				ENABLE_TESTABILITY = YES;
				GCC_C_LANGUAGE_STANDARD = gnu11;
				GCC_DYNAMIC_NO_PIC = NO;
				GCC_NO_COMMON_BLOCKS = YES;
				GCC_OPTIMIZATION_LEVEL = 0;
				GCC_PREPROCESSOR_DEFINITIONS = (
					"DEBUG=1",
					"$(inherited)",
				);
				GCC_WARN_64_TO_32_BIT_CONVERSION = YES;
				GCC_WARN_ABOUT_RETURN_TYPE = YES_ERROR;
				GCC_WARN_UNDECLARED_SELECTOR = YES;
				GCC_WARN_UNINITIALIZED_AUTOS = YES_AGGRESSIVE;
				GCC_WARN_UNUSED_FUNCTION = YES;
				GCC_WARN_UNUSED_VARIABLE = YES;
				MACOSX_DEPLOYMENT_TARGET = 10.13;
				MTL_ENABLE_DEBUG_INFO = YES;
				ONLY_ACTIVE_ARCH = YES;
				SDKROOT = macosx;
			};
			name = Debug;
		};
		07E45F031F747252005DC733 /* Release */ = {
			isa = XCBuildConfiguration;
			buildSettings = {
				ALWAYS_SEARCH_USER_PATHS = NO;
				CLANG_ANALYZER_NONNULL = YES;
				CLANG_ANALYZER_NUMBER_OBJECT_CONVERSION = YES_AGGRESSIVE;
				CLANG_CXX_LANGUAGE_STANDARD = "gnu++14";
				CLANG_CXX_LIBRARY = "libc++";
				CLANG_ENABLE_MODULES = YES;
				CLANG_ENABLE_OBJC_ARC = YES;
				CLANG_WARN_BLOCK_CAPTURE_AUTORELEASING = YES;
				CLANG_WARN_BOOL_CONVERSION = YES;
				CLANG_WARN_COMMA = YES;
				CLANG_WARN_CONSTANT_CONVERSION = YES;
				CLANG_WARN_DIRECT_OBJC_ISA_USAGE = YES_ERROR;
				CLANG_WARN_DOCUMENTATION_COMMENTS = YES;
				CLANG_WARN_EMPTY_BODY = YES;
				CLANG_WARN_ENUM_CONVERSION = YES;
				CLANG_WARN_INFINITE_RECURSION = YES;
				CLANG_WARN_INT_CONVERSION = YES;
				CLANG_WARN_NON_LITERAL_NULL_CONVERSION = YES;
				CLANG_WARN_OBJC_LITERAL_CONVERSION = YES;
				CLANG_WARN_OBJC_ROOT_CLASS = YES_ERROR;
				CLANG_WARN_RANGE_LOOP_ANALYSIS = YES;
				CLANG_WARN_STRICT_PROTOTYPES = YES;
				CLANG_WARN_SUSPICIOUS_MOVE = YES;
				CLANG_WARN_UNGUARDED_AVAILABILITY = YES_AGGRESSIVE;
				CLANG_WARN_UNREACHABLE_CODE = YES;
				CLANG_WARN__DUPLICATE_METHOD_MATCH = YES;
				CODE_SIGN_IDENTITY = "-";
				COPY_PHASE_STRIP = NO;
				DEBUG_INFORMATION_FORMAT = "dwarf-with-dsym";
				ENABLE_NS_ASSERTIONS = NO;
				ENABLE_STRICT_OBJC_MSGSEND = YES;
				GCC_C_LANGUAGE_STANDARD = gnu11;
				GCC_NO_COMMON_BLOCKS = YES;
				GCC_WARN_64_TO_32_BIT_CONVERSION = YES;
				GCC_WARN_ABOUT_RETURN_TYPE = YES_ERROR;
				GCC_WARN_UNDECLARED_SELECTOR = YES;
				GCC_WARN_UNINITIALIZED_AUTOS = YES_AGGRESSIVE;
				GCC_WARN_UNUSED_FUNCTION = YES;
				GCC_WARN_UNUSED_VARIABLE = YES;
				MACOSX_DEPLOYMENT_TARGET = 10.13;
				MTL_ENABLE_DEBUG_INFO = NO;
				SDKROOT = macosx;
			};
			name = Release;
		};
		07E45F051F747252005DC733 /* Debug */ = {
			isa = XCBuildConfiguration;
			buildSettings = {
				CODE_SIGN_STYLE = Automatic;
				PRODUCT_NAME = "$(TARGET_NAME)";
			};
			name = Debug;
		};
		07E45F061F747252005DC733 /* Release */ = {
			isa = XCBuildConfiguration;
			buildSettings = {
				CODE_SIGN_STYLE = Automatic;
				PRODUCT_NAME = "$(TARGET_NAME)";
			};
			name = Release;
		};
/* End XCBuildConfiguration section */

/* Begin XCConfigurationList section */
		07E45EF81F747252005DC733 /* Build configuration list for PBXProject "Complex" */ = {
			isa = XCConfigurationList;
			buildConfigurations = (
				07E45F021F747252005DC733 /* Debug */,
				07E45F031F747252005DC733 /* Release */,
			);
			defaultConfigurationIsVisible = 0;
			defaultConfigurationName = Release;
		};
		07E45F041F747252005DC733 /* Build configuration list for PBXNativeTarget "Complex" */ = {
			isa = XCConfigurationList;
			buildConfigurations = (
				07E45F051F747252005DC733 /* Debug */,
				07E45F061F747252005DC733 /* Release */,
			);
			defaultConfigurationIsVisible = 0;
			defaultConfigurationName = Release;
		};
/* End XCConfigurationList section */
	};
	rootObject = 07E45EF51F747252005DC733 /* Project object */;
}
